
Microsoft Visual Studio Solution File, Format Version 12.00
# Visual Studio 15
VisualStudioVersion = 15.0.28307.539
MinimumVisualStudioVersion = 10.0.40219.1
Project("{FAE04EC0-301F-11D3-BF4B-00C04F79EFBC}") = "MergeFiles", "MergeFiles\MergeFiles.csproj", "{CAB44172-4B6B-49B6-BB56-55D4AF97166E}"
EndProject
Global
	GlobalSection(SolutionConfigurationPlatforms) = preSolution
		Debug|Any CPU = Debug|Any CPU
		Release|Any CPU = Release|Any CPU
	EndGlobalSection
	GlobalSection(ProjectConfigurationPlatforms) = postSolution
		{CAB44172-4B6B-49B6-BB56-55D4AF97166E}.Debug|Any CPU.ActiveCfg = Debug|Any CPU
		{CAB44172-4B6B-49B6-BB56-55D4AF97166E}.Debug|Any CPU.Build.0 = Debug|Any CPU
		{CAB44172-4B6B-49B6-BB56-55D4AF97166E}.Release|Any CPU.ActiveCfg = Release|Any CPU
		{CAB44172-4B6B-49B6-BB56-55D4AF97166E}.Release|Any CPU.Build.0 = Release|Any CPU
	EndGlobalSection
	GlobalSection(SolutionProperties) = preSolution
		HideSolutionNode = FALSE
	EndGlobalSection
	GlobalSection(ExtensibilityGlobals) = postSolution
		SolutionGuid = {2BC57BAD-8A64-4E80-BAD8-6CDBEB09750E}
	EndGlobalSection
EndGlobal
